// !$*UTF8*$!
{
	archiveVersion = 1;
	classes = {
	};
	objectVersion = 50;
	objects = {

/* Begin PBXBuildFile section */
		EA56898E240AF5160093E857 /* AppDelegate.swift in Sources */ = {isa = PBXBuildFile; fileRef = EA56898D240AF5160093E857 /* AppDelegate.swift */; };
		EA568990240AF5160093E857 /* SceneDelegate.swift in Sources */ = {isa = PBXBuildFile; fileRef = EA56898F240AF5160093E857 /* SceneDelegate.swift */; };
		EA568992240AF5160093E857 /* ContentView.swift in Sources */ = {isa = PBXBuildFile; fileRef = EA568991240AF5160093E857 /* ContentView.swift */; };
		EA568994240AF5170093E857 /* Assets.xcassets in Resources */ = {isa = PBXBuildFile; fileRef = EA568993240AF5170093E857 /* Assets.xcassets */; };
		EA568997240AF5170093E857 /* Preview Assets.xcassets in Resources */ = {isa = PBXBuildFile; fileRef = EA568996240AF5170093E857 /* Preview Assets.xcassets */; };
		EA56899A240AF5170093E857 /* LaunchScreen.storyboard in Resources */ = {isa = PBXBuildFile; fileRef = EA568998240AF5170093E857 /* LaunchScreen.storyboard */; };
		EA9A15E8240B350C00CAB589 /* AvocadosView.swift in Sources */ = {isa = PBXBuildFile; fileRef = EA9A15E7240B350C00CAB589 /* AvocadosView.swift */; };
		EA9A15EA240B352A00CAB589 /* RipeningStagesView.swift in Sources */ = {isa = PBXBuildFile; fileRef = EA9A15E9240B352A00CAB589 /* RipeningStagesView.swift */; };
		EA9A15EC240B354C00CAB589 /* SettingsView.swift in Sources */ = {isa = PBXBuildFile; fileRef = EA9A15EB240B354C00CAB589 /* SettingsView.swift */; };
		EA9A15EE240B356400CAB589 /* AppView.swift in Sources */ = {isa = PBXBuildFile; fileRef = EA9A15ED240B356400CAB589 /* AppView.swift */; };
/* End PBXBuildFile section */

/* Begin PBXFileReference section */
		EA56898A240AF5160093E857 /* Avocados.app */ = {isa = PBXFileReference; explicitFileType = wrapper.application; includeInIndex = 0; path = Avocados.app; sourceTree = BUILT_PRODUCTS_DIR; };
		EA56898D240AF5160093E857 /* AppDelegate.swift */ = {isa = PBXFileReference; lastKnownFileType = sourcecode.swift; path = AppDelegate.swift; sourceTree = "<group>"; };
		EA56898F240AF5160093E857 /* SceneDelegate.swift */ = {isa = PBXFileReference; lastKnownFileType = sourcecode.swift; path = SceneDelegate.swift; sourceTree = "<group>"; };
		EA568991240AF5160093E857 /* ContentView.swift */ = {isa = PBXFileReference; lastKnownFileType = sourcecode.swift; path = ContentView.swift; sourceTree = "<group>"; };
		EA568993240AF5170093E857 /* Assets.xcassets */ = {isa = PBXFileReference; lastKnownFileType = folder.assetcatalog; path = Assets.xcassets; sourceTree = "<group>"; };
		EA568996240AF5170093E857 /* Preview Assets.xcassets */ = {isa = PBXFileReference; lastKnownFileType = folder.assetcatalog; path = "Preview Assets.xcassets"; sourceTree = "<group>"; };
		EA568999240AF5170093E857 /* Base */ = {isa = PBXFileReference; lastKnownFileType = file.storyboard; name = Base; path = Base.lproj/LaunchScreen.storyboard; sourceTree = "<group>"; };
		EA56899B240AF5170093E857 /* Info.plist */ = {isa = PBXFileReference; lastKnownFileType = text.plist.xml; path = Info.plist; sourceTree = "<group>"; };
		EA9A15E7240B350C00CAB589 /* AvocadosView.swift */ = {isa = PBXFileReference; lastKnownFileType = sourcecode.swift; path = AvocadosView.swift; sourceTree = "<group>"; };
		EA9A15E9240B352A00CAB589 /* RipeningStagesView.swift */ = {isa = PBXFileReference; lastKnownFileType = sourcecode.swift; path = RipeningStagesView.swift; sourceTree = "<group>"; };
		EA9A15EB240B354C00CAB589 /* SettingsView.swift */ = {isa = PBXFileReference; lastKnownFileType = sourcecode.swift; path = SettingsView.swift; sourceTree = "<group>"; };
		EA9A15ED240B356400CAB589 /* AppView.swift */ = {isa = PBXFileReference; lastKnownFileType = sourcecode.swift; path = AppView.swift; sourceTree = "<group>"; };
/* End PBXFileReference section */

/* Begin PBXFrameworksBuildPhase section */
		EA568987240AF5160093E857 /* Frameworks */ = {
			isa = PBXFrameworksBuildPhase;
			buildActionMask = 2147483647;
			files = (
			);
			runOnlyForDeploymentPostprocessing = 0;
		};
/* End PBXFrameworksBuildPhase section */

/* Begin PBXGroup section */
		EA568981240AF5160093E857 = {
			isa = PBXGroup;
			children = (
				EA56898C240AF5160093E857 /* Avocados */,
				EA56898B240AF5160093E857 /* Products */,
			);
			sourceTree = "<group>";
		};
		EA56898B240AF5160093E857 /* Products */ = {
			isa = PBXGroup;
			children = (
				EA56898A240AF5160093E857 /* Avocados.app */,
			);
			name = Products;
			sourceTree = "<group>";
		};
		EA56898C240AF5160093E857 /* Avocados */ = {
			isa = PBXGroup;
			children = (
				EA9A15E4240B34C100CAB589 /* Model */,
				EA9A15E3240B34A800CAB589 /* View */,
				EA79D9D1240B3469008E6DBA /* Data */,
				EA56898D240AF5160093E857 /* AppDelegate.swift */,
				EA56898F240AF5160093E857 /* SceneDelegate.swift */,
				EA568993240AF5170093E857 /* Assets.xcassets */,
				EA568998240AF5170093E857 /* LaunchScreen.storyboard */,
				EA56899B240AF5170093E857 /* Info.plist */,
				EA568995240AF5170093E857 /* Preview Content */,
			);
			path = Avocados;
			sourceTree = "<group>";
		};
		EA568995240AF5170093E857 /* Preview Content */ = {
			isa = PBXGroup;
			children = (
				EA568996240AF5170093E857 /* Preview Assets.xcassets */,
			);
			path = "Preview Content";
			sourceTree = "<group>";
		};
		EA79D9D1240B3469008E6DBA /* Data */ = {
			isa = PBXGroup;
			children = (
			);
			path = Data;
			sourceTree = "<group>";
		};
		EA9A15E3240B34A800CAB589 /* View */ = {
			isa = PBXGroup;
			children = (
				EA568991240AF5160093E857 /* ContentView.swift */,
				EA9A15E7240B350C00CAB589 /* AvocadosView.swift */,
				EA9A15E9240B352A00CAB589 /* RipeningStagesView.swift */,
				EA9A15EB240B354C00CAB589 /* SettingsView.swift */,
				EA9A15ED240B356400CAB589 /* AppView.swift */,
			);
			path = View;
			sourceTree = "<group>";
		};
		EA9A15E4240B34C100CAB589 /* Model */ = {
			isa = PBXGroup;
			children = (
			);
			path = Model;
			sourceTree = "<group>";
		};
/* End PBXGroup section */

/* Begin PBXNativeTarget section */
		EA568989240AF5160093E857 /* Avocados */ = {
			isa = PBXNativeTarget;
			buildConfigurationList = EA56899E240AF5170093E857 /* Build configuration list for PBXNativeTarget "Avocados" */;
			buildPhases = (
				EA568986240AF5160093E857 /* Sources */,
				EA568987240AF5160093E857 /* Frameworks */,
				EA568988240AF5160093E857 /* Resources */,
			);
			buildRules = (
			);
			dependencies = (
			);
			name = Avocados;
			productName = Avocados;
			productReference = EA56898A240AF5160093E857 /* Avocados.app */;
			productType = "com.apple.product-type.application";
		};
/* End PBXNativeTarget section */

/* Begin PBXProject section */
		EA568982240AF5160093E857 /* Project object */ = {
			isa = PBXProject;
			attributes = {
				LastSwiftUpdateCheck = 1130;
				LastUpgradeCheck = 1130;
				ORGANIZATIONNAME = "Tony Vu";
				TargetAttributes = {
					EA568989240AF5160093E857 = {
						CreatedOnToolsVersion = 11.3.1;
					};
				};
			};
			buildConfigurationList = EA568985240AF5160093E857 /* Build configuration list for PBXProject "Avocados" */;
			compatibilityVersion = "Xcode 9.3";
			developmentRegion = en;
			hasScannedForEncodings = 0;
			knownRegions = (
				en,
				Base,
			);
			mainGroup = EA568981240AF5160093E857;
			productRefGroup = EA56898B240AF5160093E857 /* Products */;
			projectDirPath = "";
			projectRoot = "";
			targets = (
				EA568989240AF5160093E857 /* Avocados */,
			);
		};
/* End PBXProject section */

/* Begin PBXResourcesBuildPhase section */
		EA568988240AF5160093E857 /* Resources */ = {
			isa = PBXResourcesBuildPhase;
			buildActionMask = 2147483647;
			files = (
				EA56899A240AF5170093E857 /* LaunchScreen.storyboard in Resources */,
				EA568997240AF5170093E857 /* Preview Assets.xcassets in Resources */,
				EA568994240AF5170093E857 /* Assets.xcassets in Resources */,
			);
			runOnlyForDeploymentPostprocessing = 0;
		};
/* End PBXResourcesBuildPhase section */

/* Begin PBXSourcesBuildPhase section */
		EA568986240AF5160093E857 /* Sources */ = {
			isa = PBXSourcesBuildPhase;
			buildActionMask = 2147483647;
			files = (
				EA9A15E8240B350C00CAB589 /* AvocadosView.swift in Sources */,
				EA9A15EA240B352A00CAB589 /* RipeningStagesView.swift in Sources */,
				EA56898E240AF5160093E857 /* AppDelegate.swift in Sources */,
				EA9A15EE240B356400CAB589 /* AppView.swift in Sources */,
				EA9A15EC240B354C00CAB589 /* SettingsView.swift in Sources */,
				EA568990240AF5160093E857 /* SceneDelegate.swift in Sources */,
				EA568992240AF5160093E857 /* ContentView.swift in Sources */,
			);
			runOnlyForDeploymentPostprocessing = 0;
		};
/* End PBXSourcesBuildPhase section */

/* Begin PBXVariantGroup section */
		EA568998240AF5170093E857 /* LaunchScreen.storyboard */ = {
			isa = PBXVariantGroup;
			children = (
				EA568999240AF5170093E857 /* Base */,
			);
			name = LaunchScreen.storyboard;
			sourceTree = "<group>";
		};
/* End PBXVariantGroup section */

/* Begin XCBuildConfiguration section */
		EA56899C240AF5170093E857 /* Debug */ = {
			isa = XCBuildConfiguration;
			buildSettings = {
				ALWAYS_SEARCH_USER_PATHS = NO;
				CLANG_ANALYZER_NONNULL = YES;
				CLANG_ANALYZER_NUMBER_OBJECT_CONVERSION = YES_AGGRESSIVE;
				CLANG_CXX_LANGUAGE_STANDARD = "gnu++14";
				CLANG_CXX_LIBRARY = "libc++";
				CLANG_ENABLE_MODULES = YES;
				CLANG_ENABLE_OBJC_ARC = YES;
				CLANG_ENABLE_OBJC_WEAK = YES;
				CLANG_WARN_BLOCK_CAPTURE_AUTORELEASING = YES;
				CLANG_WARN_BOOL_CONVERSION = YES;
				CLANG_WARN_COMMA = YES;
				CLANG_WARN_CONSTANT_CONVERSION = YES;
				CLANG_WARN_DEPRECATED_OBJC_IMPLEMENTATIONS = YES;
				CLANG_WARN_DIRECT_OBJC_ISA_USAGE = YES_ERROR;
				CLANG_WARN_DOCUMENTATION_COMMENTS = YES;
				CLANG_WARN_EMPTY_BODY = YES;
				CLANG_WARN_ENUM_CONVERSION = YES;
				CLANG_WARN_INFINITE_RECURSION = YES;
				CLANG_WARN_INT_CONVERSION = YES;
				CLANG_WARN_NON_LITERAL_NULL_CONVERSION = YES;
				CLANG_WARN_OBJC_IMPLICIT_RETAIN_SELF = YES;
				CLANG_WARN_OBJC_LITERAL_CONVERSION = YES;
				CLANG_WARN_OBJC_ROOT_CLASS = YES_ERROR;
				CLANG_WARN_RANGE_LOOP_ANALYSIS = YES;
				CLANG_WARN_STRICT_PROTOTYPES = YES;
				CLANG_WARN_SUSPICIOUS_MOVE = YES;
				CLANG_WARN_UNGUARDED_AVAILABILITY = YES_AGGRESSIVE;
				CLANG_WARN_UNREACHABLE_CODE = YES;
				CLANG_WARN__DUPLICATE_METHOD_MATCH = YES;
				COPY_PHASE_STRIP = NO;
				DEBUG_INFORMATION_FORMAT = dwarf;
				ENABLE_STRICT_OBJC_MSGSEND = YES;
				ENABLE_TESTABILITY = YES;
				GCC_C_LANGUAGE_STANDARD = gnu11;
				GCC_DYNAMIC_NO_PIC = NO;
				GCC_NO_COMMON_BLOCKS = YES;
				GCC_OPTIMIZATION_LEVEL = 0;
				GCC_PREPROCESSOR_DEFINITIONS = (
					"DEBUG=1",
					"$(inherited)",
				);
				GCC_WARN_64_TO_32_BIT_CONVERSION = YES;
				GCC_WARN_ABOUT_RETURN_TYPE = YES_ERROR;
				GCC_WARN_UNDECLARED_SELECTOR = YES;
				GCC_WARN_UNINITIALIZED_AUTOS = YES_AGGRESSIVE;
				GCC_WARN_UNUSED_FUNCTION = YES;
				GCC_WARN_UNUSED_VARIABLE = YES;
				IPHONEOS_DEPLOYMENT_TARGET = 13.2;
				MTL_ENABLE_DEBUG_INFO = INCLUDE_SOURCE;
				MTL_FAST_MATH = YES;
				ONLY_ACTIVE_ARCH = YES;
				SDKROOT = iphoneos;
				SWIFT_ACTIVE_COMPILATION_CONDITIONS = DEBUG;
				SWIFT_OPTIMIZATION_LEVEL = "-Onone";
			};
			name = Debug;
		};
		EA56899D240AF5170093E857 /* Release */ = {
			isa = XCBuildConfiguration;
			buildSettings = {
				ALWAYS_SEARCH_USER_PATHS = NO;
				CLANG_ANALYZER_NONNULL = YES;
				CLANG_ANALYZER_NUMBER_OBJECT_CONVERSION = YES_AGGRESSIVE;
				CLANG_CXX_LANGUAGE_STANDARD = "gnu++14";
				CLANG_CXX_LIBRARY = "libc++";
				CLANG_ENABLE_MODULES = YES;
				CLANG_ENABLE_OBJC_ARC = YES;
				CLANG_ENABLE_OBJC_WEAK = YES;
				CLANG_WARN_BLOCK_CAPTURE_AUTORELEASING = YES;
				CLANG_WARN_BOOL_CONVERSION = YES;
				CLANG_WARN_COMMA = YES;
				CLANG_WARN_CONSTANT_CONVERSION = YES;
				CLANG_WARN_DEPRECATED_OBJC_IMPLEMENTATIONS = YES;
				CLANG_WARN_DIRECT_OBJC_ISA_USAGE = YES_ERROR;
				CLANG_WARN_DOCUMENTATION_COMMENTS = YES;
				CLANG_WARN_EMPTY_BODY = YES;
				CLANG_WARN_ENUM_CONVERSION = YES;
				CLANG_WARN_INFINITE_RECURSION = YES;
				CLANG_WARN_INT_CONVERSION = YES;
				CLANG_WARN_NON_LITERAL_NULL_CONVERSION = YES;
				CLANG_WARN_OBJC_IMPLICIT_RETAIN_SELF = YES;
				CLANG_WARN_OBJC_LITERAL_CONVERSION = YES;
				CLANG_WARN_OBJC_ROOT_CLASS = YES_ERROR;
				CLANG_WARN_RANGE_LOOP_ANALYSIS = YES;
				CLANG_WARN_STRICT_PROTOTYPES = YES;
				CLANG_WARN_SUSPICIOUS_MOVE = YES;
				CLANG_WARN_UNGUARDED_AVAILABILITY = YES_AGGRESSIVE;
				CLANG_WARN_UNREACHABLE_CODE = YES;
				CLANG_WARN__DUPLICATE_METHOD_MATCH = YES;
				COPY_PHASE_STRIP = NO;
				DEBUG_INFORMATION_FORMAT = "dwarf-with-dsym";
				ENABLE_NS_ASSERTIONS = NO;
				ENABLE_STRICT_OBJC_MSGSEND = YES;
				GCC_C_LANGUAGE_STANDARD = gnu11;
				GCC_NO_COMMON_BLOCKS = YES;
				GCC_WARN_64_TO_32_BIT_CONVERSION = YES;
				GCC_WARN_ABOUT_RETURN_TYPE = YES_ERROR;
				GCC_WARN_UNDECLARED_SELECTOR = YES;
				GCC_WARN_UNINITIALIZED_AUTOS = YES_AGGRESSIVE;
				GCC_WARN_UNUSED_FUNCTION = YES;
				GCC_WARN_UNUSED_VARIABLE = YES;
				IPHONEOS_DEPLOYMENT_TARGET = 13.2;
				MTL_ENABLE_DEBUG_INFO = NO;
				MTL_FAST_MATH = YES;
				SDKROOT = iphoneos;
				SWIFT_COMPILATION_MODE = wholemodule;
				SWIFT_OPTIMIZATION_LEVEL = "-O";
				VALIDATE_PRODUCT = YES;
			};
			name = Release;
		};
		EA56899F240AF5170093E857 /* Debug */ = {
			isa = XCBuildConfiguration;
			buildSettings = {
				ASSETCATALOG_COMPILER_APPICON_NAME = AppIcon;
				CODE_SIGN_STYLE = Automatic;
				DEVELOPMENT_ASSET_PATHS = "\"Avocados/Preview Content\"";
				DEVELOPMENT_TEAM = 7K9KMR7V24;
				ENABLE_PREVIEWS = YES;
				INFOPLIST_FILE = Avocados/Info.plist;
				LD_RUNPATH_SEARCH_PATHS = (
					"$(inherited)",
					"@executable_path/Frameworks",
				);
				PRODUCT_BUNDLE_IDENTIFIER = com.solo.Avocados;
				PRODUCT_NAME = "$(TARGET_NAME)";
				SWIFT_VERSION = 5.0;
				TARGETED_DEVICE_FAMILY = "1,2";
			};
			name = Debug;
		};
		EA5689A0240AF5170093E857 /* Release */ = {
			isa = XCBuildConfiguration;
			buildSettings = {
				ASSETCATALOG_COMPILER_APPICON_NAME = AppIcon;
				CODE_SIGN_STYLE = Automatic;
				DEVELOPMENT_ASSET_PATHS = "\"Avocados/Preview Content\"";
				DEVELOPMENT_TEAM = 7K9KMR7V24;
				ENABLE_PREVIEWS = YES;
				INFOPLIST_FILE = Avocados/Info.plist;
				LD_RUNPATH_SEARCH_PATHS = (
					"$(inherited)",
					"@executable_path/Frameworks",
				);
				PRODUCT_BUNDLE_IDENTIFIER = com.solo.Avocados;
				PRODUCT_NAME = "$(TARGET_NAME)";
				SWIFT_VERSION = 5.0;
				TARGETED_DEVICE_FAMILY = "1,2";
			};
			name = Release;
		};
/* End XCBuildConfiguration section */

/* Begin XCConfigurationList section */
		EA568985240AF5160093E857 /* Build configuration list for PBXProject "Avocados" */ = {
			isa = XCConfigurationList;
			buildConfigurations = (
				EA56899C240AF5170093E857 /* Debug */,
				EA56899D240AF5170093E857 /* Release */,
			);
			defaultConfigurationIsVisible = 0;
			defaultConfigurationName = Release;
		};
		EA56899E240AF5170093E857 /* Build configuration list for PBXNativeTarget "Avocados" */ = {
			isa = XCConfigurationList;
			buildConfigurations = (
				EA56899F240AF5170093E857 /* Debug */,
				EA5689A0240AF5170093E857 /* Release */,
			);
			defaultConfigurationIsVisible = 0;
			defaultConfigurationName = Release;
		};
/* End XCConfigurationList section */
	};
	rootObject = EA568982240AF5160093E857 /* Project object */;
}
